// !$*UTF8*$!
{
	archiveVersion = 1;
	classes = {
	};
	objectVersion = 48;
	objects = {

/* Begin PBXBuildFile section */
		2230E70E850F6795A8AED933 /* Pods_HMAISUITests.framework in Frameworks */ = {isa = PBXBuildFile; fileRef = B1C12C3129B5257A50168047 /* Pods_HMAISUITests.framework */; };
		2EB7519DBA1018DD77F2E043 /* Pods_HMAIS.framework in Frameworks */ = {isa = PBXBuildFile; fileRef = 3DA832EC4F8B059EF6E28E58 /* Pods_HMAIS.framework */; };
		4D3729737227AF907159C69C /* Pods_HMAISTests.framework in Frameworks */ = {isa = PBXBuildFile; fileRef = 0BA0F80240B9C28E832B9871 /* Pods_HMAISTests.framework */; };
		B81013BC20381E7A00F24A78 /* EmptyTableCell.swift in Sources */ = {isa = PBXBuildFile; fileRef = B81013BA20381E7A00F24A78 /* EmptyTableCell.swift */; };
		B81013BD20381E7A00F24A78 /* EmptyTableCell.xib in Resources */ = {isa = PBXBuildFile; fileRef = B81013BB20381E7A00F24A78 /* EmptyTableCell.xib */; };
		B81013C020381FAE00F24A78 /* ListCell.swift in Sources */ = {isa = PBXBuildFile; fileRef = B81013BE20381FAD00F24A78 /* ListCell.swift */; };
		B81013C120381FAE00F24A78 /* ListCell.xib in Resources */ = {isa = PBXBuildFile; fileRef = B81013BF20381FAE00F24A78 /* ListCell.xib */; };
		B81013C32038321500F24A78 /* BudgetListTableViewDelegate.swift in Sources */ = {isa = PBXBuildFile; fileRef = B81013C22038321500F24A78 /* BudgetListTableViewDelegate.swift */; };
		B81013C62038326C00F24A78 /* ListTableViewDelegate.swift in Sources */ = {isa = PBXBuildFile; fileRef = B81013C52038326C00F24A78 /* ListTableViewDelegate.swift */; };
		B81013C82038327A00F24A78 /* ShoppingListTableViewDelegate.swift in Sources */ = {isa = PBXBuildFile; fileRef = B81013C72038327A00F24A78 /* ShoppingListTableViewDelegate.swift */; };
		B81013CF203833FC00F24A78 /* ShoppingItemCell.swift in Sources */ = {isa = PBXBuildFile; fileRef = B81013CD203833FC00F24A78 /* ShoppingItemCell.swift */; };
		B81013D0203833FC00F24A78 /* ShoppingItemCell.xib in Resources */ = {isa = PBXBuildFile; fileRef = B81013CE203833FC00F24A78 /* ShoppingItemCell.xib */; };
		B81013D22038A8F800F24A78 /* ListSection.swift in Sources */ = {isa = PBXBuildFile; fileRef = B81013D12038A8F800F24A78 /* ListSection.swift */; };
		B81013D42038C90000F24A78 /* ListSectionHeader.swift in Sources */ = {isa = PBXBuildFile; fileRef = B81013D32038C90000F24A78 /* ListSectionHeader.swift */; };
		B81013D62038C92B00F24A78 /* ListSectionHeader.xib in Resources */ = {isa = PBXBuildFile; fileRef = B81013D52038C92B00F24A78 /* ListSectionHeader.xib */; };
		B84093612025408B0018C22E /* FormEntryCell.swift in Sources */ = {isa = PBXBuildFile; fileRef = B840935F2025408B0018C22E /* FormEntryCell.swift */; };
		B84093622025408B0018C22E /* FormEntryCell.xib in Resources */ = {isa = PBXBuildFile; fileRef = B84093602025408B0018C22E /* FormEntryCell.xib */; };
		B859621A20217D8A007A8567 /* ListDetailVC.swift in Sources */ = {isa = PBXBuildFile; fileRef = B859621920217D8A007A8567 /* ListDetailVC.swift */; };
		B859621C20217D9A007A8567 /* ListDetailVM.swift in Sources */ = {isa = PBXBuildFile; fileRef = B859621B20217D9A007A8567 /* ListDetailVM.swift */; };
		B859621E20218ED1007A8567 /* Forms.storyboard in Resources */ = {isa = PBXBuildFile; fileRef = B859621D20218ED1007A8567 /* Forms.storyboard */; };
		B859622220218FF4007A8567 /* SpendingItemFormVC.swift in Sources */ = {isa = PBXBuildFile; fileRef = B859622120218FF4007A8567 /* SpendingItemFormVC.swift */; };
		B860E44120242B420030FC04 /* ShoppingItemFormVC.swift in Sources */ = {isa = PBXBuildFile; fileRef = B860E44020242B420030FC04 /* ShoppingItemFormVC.swift */; };
		B860E4452024360A0030FC04 /* SpendingCostCell.swift in Sources */ = {isa = PBXBuildFile; fileRef = B860E4432024360A0030FC04 /* SpendingCostCell.swift */; };
		B860E4462024360A0030FC04 /* SpendingCostCell.xib in Resources */ = {isa = PBXBuildFile; fileRef = B860E4442024360A0030FC04 /* SpendingCostCell.xib */; };
		B860E448202439100030FC04 /* Extensions.swift in Sources */ = {isa = PBXBuildFile; fileRef = B860E447202439100030FC04 /* Extensions.swift */; };
		B87C1B23201EF0F400C9326E /* RealmManageable.swift in Sources */ = {isa = PBXBuildFile; fileRef = B87C1B22201EF0F400C9326E /* RealmManageable.swift */; };
		B87C1B25201F826E00C9326E /* List.swift in Sources */ = {isa = PBXBuildFile; fileRef = B87C1B24201F826E00C9326E /* List.swift */; };
		B87C1B27201F82CA00C9326E /* Enums.swift in Sources */ = {isa = PBXBuildFile; fileRef = B87C1B26201F82CA00C9326E /* Enums.swift */; };
		B87C1B29201F852C00C9326E /* Protocol.swift in Sources */ = {isa = PBXBuildFile; fileRef = B87C1B28201F852C00C9326E /* Protocol.swift */; };
		B87C1B2B201F868700C9326E /* Item.swift in Sources */ = {isa = PBXBuildFile; fileRef = B87C1B2A201F868700C9326E /* Item.swift */; };
		B87C1B3820203E3000C9326E /* Lists.storyboard in Resources */ = {isa = PBXBuildFile; fileRef = B87C1B3720203E3000C9326E /* Lists.storyboard */; };
		B87C1B3A20203EBB00C9326E /* ListsVC.swift in Sources */ = {isa = PBXBuildFile; fileRef = B87C1B3920203EBB00C9326E /* ListsVC.swift */; };
		B87C1B3C20203ED300C9326E /* ListsVM.swift in Sources */ = {isa = PBXBuildFile; fileRef = B87C1B3B20203ED300C9326E /* ListsVM.swift */; };
		B87C1B4B2021690900C9326E /* ItemListObserver.swift in Sources */ = {isa = PBXBuildFile; fileRef = B87C1B4A2021690900C9326E /* ItemListObserver.swift */; };
		B887A51E2026E6F200A2DBC5 /* ItemObserver.swift in Sources */ = {isa = PBXBuildFile; fileRef = B887A51D2026E6F200A2DBC5 /* ItemObserver.swift */; };
		B8D08D5E2038D6AB00E71724 /* AnimatedNavController.swift in Sources */ = {isa = PBXBuildFile; fileRef = B8D08D5D2038D6AB00E71724 /* AnimatedNavController.swift */; };
		B8D08D602038D6F300E71724 /* TransitionAnimator.swift in Sources */ = {isa = PBXBuildFile; fileRef = B8D08D5F2038D6F300E71724 /* TransitionAnimator.swift */; };
		B8D08D622038D75900E71724 /* FadeTransitionAnimator.swift in Sources */ = {isa = PBXBuildFile; fileRef = B8D08D612038D75900E71724 /* FadeTransitionAnimator.swift */; };
		B8D08D642038F8FF00E71724 /* ModalFormNav.swift in Sources */ = {isa = PBXBuildFile; fileRef = B8D08D632038F8FF00E71724 /* ModalFormNav.swift */; };
		B8D08D662039088800E71724 /* AddSectionFormVC.swift in Sources */ = {isa = PBXBuildFile; fileRef = B8D08D652039088800E71724 /* AddSectionFormVC.swift */; };
		B8F375A5201E79A5000654AB /* AppDelegate.swift in Sources */ = {isa = PBXBuildFile; fileRef = B8F375A4201E79A5000654AB /* AppDelegate.swift */; };
		B8F375AA201E79A5000654AB /* Main.storyboard in Resources */ = {isa = PBXBuildFile; fileRef = B8F375A8201E79A5000654AB /* Main.storyboard */; };
		B8F375AC201E79A5000654AB /* Assets.xcassets in Resources */ = {isa = PBXBuildFile; fileRef = B8F375AB201E79A5000654AB /* Assets.xcassets */; };
		B8F375AF201E79A5000654AB /* LaunchScreen.storyboard in Resources */ = {isa = PBXBuildFile; fileRef = B8F375AD201E79A5000654AB /* LaunchScreen.storyboard */; };
		B8F375BA201E79A5000654AB /* HMAISTests.swift in Sources */ = {isa = PBXBuildFile; fileRef = B8F375B9201E79A5000654AB /* HMAISTests.swift */; };
		B8F375C5201E79A6000654AB /* HMAISUITests.swift in Sources */ = {isa = PBXBuildFile; fileRef = B8F375C4201E79A6000654AB /* HMAISUITests.swift */; };
		B8FBFD2D2031453100F90B1A /* MiniForm.swift in Sources */ = {isa = PBXBuildFile; fileRef = B8FBFD2C2031453100F90B1A /* MiniForm.swift */; };
		B8FBFD2F2031459700F90B1A /* MiniForm.xib in Resources */ = {isa = PBXBuildFile; fileRef = B8FBFD2E2031459700F90B1A /* MiniForm.xib */; };
/* End PBXBuildFile section */

/* Begin PBXContainerItemProxy section */
		B8F375B6201E79A5000654AB /* PBXContainerItemProxy */ = {
			isa = PBXContainerItemProxy;
			containerPortal = B8F37599201E79A5000654AB /* Project object */;
			proxyType = 1;
			remoteGlobalIDString = B8F375A0201E79A5000654AB;
			remoteInfo = HMAIS;
		};
		B8F375C1201E79A6000654AB /* PBXContainerItemProxy */ = {
			isa = PBXContainerItemProxy;
			containerPortal = B8F37599201E79A5000654AB /* Project object */;
			proxyType = 1;
			remoteGlobalIDString = B8F375A0201E79A5000654AB;
			remoteInfo = HMAIS;
		};
/* End PBXContainerItemProxy section */

/* Begin PBXFileReference section */
		0BA0F80240B9C28E832B9871 /* Pods_HMAISTests.framework */ = {isa = PBXFileReference; explicitFileType = wrapper.framework; includeInIndex = 0; path = Pods_HMAISTests.framework; sourceTree = BUILT_PRODUCTS_DIR; };
		3A69FB3C514DD61C5E01DFFE /* Pods-HMAISUITests.debug.xcconfig */ = {isa = PBXFileReference; includeInIndex = 1; lastKnownFileType = text.xcconfig; name = "Pods-HMAISUITests.debug.xcconfig"; path = "Pods/Target Support Files/Pods-HMAISUITests/Pods-HMAISUITests.debug.xcconfig"; sourceTree = "<group>"; };
		3DA832EC4F8B059EF6E28E58 /* Pods_HMAIS.framework */ = {isa = PBXFileReference; explicitFileType = wrapper.framework; includeInIndex = 0; path = Pods_HMAIS.framework; sourceTree = BUILT_PRODUCTS_DIR; };
		3E61D0DC3487356550D9CCF6 /* Pods-HMAISTests.release.xcconfig */ = {isa = PBXFileReference; includeInIndex = 1; lastKnownFileType = text.xcconfig; name = "Pods-HMAISTests.release.xcconfig"; path = "Pods/Target Support Files/Pods-HMAISTests/Pods-HMAISTests.release.xcconfig"; sourceTree = "<group>"; };
		649651404FBF204521C43127 /* Pods-HMAISTests.debug.xcconfig */ = {isa = PBXFileReference; includeInIndex = 1; lastKnownFileType = text.xcconfig; name = "Pods-HMAISTests.debug.xcconfig"; path = "Pods/Target Support Files/Pods-HMAISTests/Pods-HMAISTests.debug.xcconfig"; sourceTree = "<group>"; };
		6D6400B6FB84DDD6C6290B88 /* Pods-HMAIS.release.xcconfig */ = {isa = PBXFileReference; includeInIndex = 1; lastKnownFileType = text.xcconfig; name = "Pods-HMAIS.release.xcconfig"; path = "Pods/Target Support Files/Pods-HMAIS/Pods-HMAIS.release.xcconfig"; sourceTree = "<group>"; };
		7F1F46B6CCD1B8B7D299E929 /* Pods-HMAIS.debug.xcconfig */ = {isa = PBXFileReference; includeInIndex = 1; lastKnownFileType = text.xcconfig; name = "Pods-HMAIS.debug.xcconfig"; path = "Pods/Target Support Files/Pods-HMAIS/Pods-HMAIS.debug.xcconfig"; sourceTree = "<group>"; };
		A67519BB93DB879E1CB7A493 /* Pods-HMAISUITests.release.xcconfig */ = {isa = PBXFileReference; includeInIndex = 1; lastKnownFileType = text.xcconfig; name = "Pods-HMAISUITests.release.xcconfig"; path = "Pods/Target Support Files/Pods-HMAISUITests/Pods-HMAISUITests.release.xcconfig"; sourceTree = "<group>"; };
		B1C12C3129B5257A50168047 /* Pods_HMAISUITests.framework */ = {isa = PBXFileReference; explicitFileType = wrapper.framework; includeInIndex = 0; path = Pods_HMAISUITests.framework; sourceTree = BUILT_PRODUCTS_DIR; };
		B81013BA20381E7A00F24A78 /* EmptyTableCell.swift */ = {isa = PBXFileReference; lastKnownFileType = sourcecode.swift; path = EmptyTableCell.swift; sourceTree = "<group>"; };
		B81013BB20381E7A00F24A78 /* EmptyTableCell.xib */ = {isa = PBXFileReference; lastKnownFileType = file.xib; path = EmptyTableCell.xib; sourceTree = "<group>"; };
		B81013BE20381FAD00F24A78 /* ListCell.swift */ = {isa = PBXFileReference; lastKnownFileType = sourcecode.swift; path = ListCell.swift; sourceTree = "<group>"; };
		B81013BF20381FAE00F24A78 /* ListCell.xib */ = {isa = PBXFileReference; lastKnownFileType = file.xib; path = ListCell.xib; sourceTree = "<group>"; };
		B81013C22038321500F24A78 /* BudgetListTableViewDelegate.swift */ = {isa = PBXFileReference; lastKnownFileType = sourcecode.swift; path = BudgetListTableViewDelegate.swift; sourceTree = "<group>"; };
		B81013C52038326C00F24A78 /* ListTableViewDelegate.swift */ = {isa = PBXFileReference; lastKnownFileType = sourcecode.swift; path = ListTableViewDelegate.swift; sourceTree = "<group>"; };
		B81013C72038327A00F24A78 /* ShoppingListTableViewDelegate.swift */ = {isa = PBXFileReference; lastKnownFileType = sourcecode.swift; path = ShoppingListTableViewDelegate.swift; sourceTree = "<group>"; };
		B81013CD203833FC00F24A78 /* ShoppingItemCell.swift */ = {isa = PBXFileReference; lastKnownFileType = sourcecode.swift; path = ShoppingItemCell.swift; sourceTree = "<group>"; };
		B81013CE203833FC00F24A78 /* ShoppingItemCell.xib */ = {isa = PBXFileReference; lastKnownFileType = file.xib; path = ShoppingItemCell.xib; sourceTree = "<group>"; };
		B81013D12038A8F800F24A78 /* ListSection.swift */ = {isa = PBXFileReference; lastKnownFileType = sourcecode.swift; path = ListSection.swift; sourceTree = "<group>"; };
		B81013D32038C90000F24A78 /* ListSectionHeader.swift */ = {isa = PBXFileReference; lastKnownFileType = sourcecode.swift; path = ListSectionHeader.swift; sourceTree = "<group>"; };
		B81013D52038C92B00F24A78 /* ListSectionHeader.xib */ = {isa = PBXFileReference; lastKnownFileType = file.xib; path = ListSectionHeader.xib; sourceTree = "<group>"; };
		B840935F2025408B0018C22E /* FormEntryCell.swift */ = {isa = PBXFileReference; lastKnownFileType = sourcecode.swift; path = FormEntryCell.swift; sourceTree = "<group>"; };
		B84093602025408B0018C22E /* FormEntryCell.xib */ = {isa = PBXFileReference; lastKnownFileType = file.xib; path = FormEntryCell.xib; sourceTree = "<group>"; };
		B859621920217D8A007A8567 /* ListDetailVC.swift */ = {isa = PBXFileReference; lastKnownFileType = sourcecode.swift; path = ListDetailVC.swift; sourceTree = "<group>"; };
		B859621B20217D9A007A8567 /* ListDetailVM.swift */ = {isa = PBXFileReference; lastKnownFileType = sourcecode.swift; path = ListDetailVM.swift; sourceTree = "<group>"; };
		B859621D20218ED1007A8567 /* Forms.storyboard */ = {isa = PBXFileReference; lastKnownFileType = file.storyboard; path = Forms.storyboard; sourceTree = "<group>"; };
		B859622120218FF4007A8567 /* SpendingItemFormVC.swift */ = {isa = PBXFileReference; lastKnownFileType = sourcecode.swift; path = SpendingItemFormVC.swift; sourceTree = "<group>"; };
		B860E44020242B420030FC04 /* ShoppingItemFormVC.swift */ = {isa = PBXFileReference; lastKnownFileType = sourcecode.swift; path = ShoppingItemFormVC.swift; sourceTree = "<group>"; };
		B860E4432024360A0030FC04 /* SpendingCostCell.swift */ = {isa = PBXFileReference; lastKnownFileType = sourcecode.swift; path = SpendingCostCell.swift; sourceTree = "<group>"; };
		B860E4442024360A0030FC04 /* SpendingCostCell.xib */ = {isa = PBXFileReference; lastKnownFileType = file.xib; path = SpendingCostCell.xib; sourceTree = "<group>"; };
		B860E447202439100030FC04 /* Extensions.swift */ = {isa = PBXFileReference; lastKnownFileType = sourcecode.swift; path = Extensions.swift; sourceTree = "<group>"; };
		B87C1B22201EF0F400C9326E /* RealmManageable.swift */ = {isa = PBXFileReference; lastKnownFileType = sourcecode.swift; path = RealmManageable.swift; sourceTree = "<group>"; };
		B87C1B24201F826E00C9326E /* List.swift */ = {isa = PBXFileReference; lastKnownFileType = sourcecode.swift; path = List.swift; sourceTree = "<group>"; };
		B87C1B26201F82CA00C9326E /* Enums.swift */ = {isa = PBXFileReference; lastKnownFileType = sourcecode.swift; path = Enums.swift; sourceTree = "<group>"; };
		B87C1B28201F852C00C9326E /* Protocol.swift */ = {isa = PBXFileReference; lastKnownFileType = sourcecode.swift; path = Protocol.swift; sourceTree = "<group>"; };
		B87C1B2A201F868700C9326E /* Item.swift */ = {isa = PBXFileReference; lastKnownFileType = sourcecode.swift; path = Item.swift; sourceTree = "<group>"; };
		B87C1B3720203E3000C9326E /* Lists.storyboard */ = {isa = PBXFileReference; lastKnownFileType = file.storyboard; path = Lists.storyboard; sourceTree = "<group>"; };
		B87C1B3920203EBB00C9326E /* ListsVC.swift */ = {isa = PBXFileReference; lastKnownFileType = sourcecode.swift; path = ListsVC.swift; sourceTree = "<group>"; };
		B87C1B3B20203ED300C9326E /* ListsVM.swift */ = {isa = PBXFileReference; lastKnownFileType = sourcecode.swift; path = ListsVM.swift; sourceTree = "<group>"; };
		B87C1B4A2021690900C9326E /* ItemListObserver.swift */ = {isa = PBXFileReference; lastKnownFileType = sourcecode.swift; path = ItemListObserver.swift; sourceTree = "<group>"; };
		B887A51D2026E6F200A2DBC5 /* ItemObserver.swift */ = {isa = PBXFileReference; lastKnownFileType = sourcecode.swift; path = ItemObserver.swift; sourceTree = "<group>"; };
		B8D08D5D2038D6AB00E71724 /* AnimatedNavController.swift */ = {isa = PBXFileReference; lastKnownFileType = sourcecode.swift; path = AnimatedNavController.swift; sourceTree = "<group>"; };
		B8D08D5F2038D6F300E71724 /* TransitionAnimator.swift */ = {isa = PBXFileReference; lastKnownFileType = sourcecode.swift; path = TransitionAnimator.swift; sourceTree = "<group>"; };
		B8D08D612038D75900E71724 /* FadeTransitionAnimator.swift */ = {isa = PBXFileReference; lastKnownFileType = sourcecode.swift; path = FadeTransitionAnimator.swift; sourceTree = "<group>"; };
		B8D08D632038F8FF00E71724 /* ModalFormNav.swift */ = {isa = PBXFileReference; lastKnownFileType = sourcecode.swift; path = ModalFormNav.swift; sourceTree = "<group>"; };
		B8D08D652039088800E71724 /* AddSectionFormVC.swift */ = {isa = PBXFileReference; lastKnownFileType = sourcecode.swift; path = AddSectionFormVC.swift; sourceTree = "<group>"; };
		B8F375A1201E79A5000654AB /* HMAIS.app */ = {isa = PBXFileReference; explicitFileType = wrapper.application; includeInIndex = 0; path = HMAIS.app; sourceTree = BUILT_PRODUCTS_DIR; };
		B8F375A4201E79A5000654AB /* AppDelegate.swift */ = {isa = PBXFileReference; lastKnownFileType = sourcecode.swift; path = AppDelegate.swift; sourceTree = "<group>"; };
		B8F375A9201E79A5000654AB /* Base */ = {isa = PBXFileReference; lastKnownFileType = file.storyboard; name = Base; path = Base.lproj/Main.storyboard; sourceTree = "<group>"; };
		B8F375AB201E79A5000654AB /* Assets.xcassets */ = {isa = PBXFileReference; lastKnownFileType = folder.assetcatalog; path = Assets.xcassets; sourceTree = "<group>"; };
		B8F375AE201E79A5000654AB /* Base */ = {isa = PBXFileReference; lastKnownFileType = file.storyboard; name = Base; path = Base.lproj/LaunchScreen.storyboard; sourceTree = "<group>"; };
		B8F375B0201E79A5000654AB /* Info.plist */ = {isa = PBXFileReference; lastKnownFileType = text.plist.xml; path = Info.plist; sourceTree = "<group>"; };
		B8F375B5201E79A5000654AB /* HMAISTests.xctest */ = {isa = PBXFileReference; explicitFileType = wrapper.cfbundle; includeInIndex = 0; path = HMAISTests.xctest; sourceTree = BUILT_PRODUCTS_DIR; };
		B8F375B9201E79A5000654AB /* HMAISTests.swift */ = {isa = PBXFileReference; lastKnownFileType = sourcecode.swift; path = HMAISTests.swift; sourceTree = "<group>"; };
		B8F375BB201E79A6000654AB /* Info.plist */ = {isa = PBXFileReference; lastKnownFileType = text.plist.xml; path = Info.plist; sourceTree = "<group>"; };
		B8F375C0201E79A6000654AB /* HMAISUITests.xctest */ = {isa = PBXFileReference; explicitFileType = wrapper.cfbundle; includeInIndex = 0; path = HMAISUITests.xctest; sourceTree = BUILT_PRODUCTS_DIR; };
		B8F375C4201E79A6000654AB /* HMAISUITests.swift */ = {isa = PBXFileReference; lastKnownFileType = sourcecode.swift; path = HMAISUITests.swift; sourceTree = "<group>"; };
		B8F375C6201E79A6000654AB /* Info.plist */ = {isa = PBXFileReference; lastKnownFileType = text.plist.xml; path = Info.plist; sourceTree = "<group>"; };
		B8FBFD2C2031453100F90B1A /* MiniForm.swift */ = {isa = PBXFileReference; lastKnownFileType = sourcecode.swift; path = MiniForm.swift; sourceTree = "<group>"; };
		B8FBFD2E2031459700F90B1A /* MiniForm.xib */ = {isa = PBXFileReference; lastKnownFileType = file.xib; path = MiniForm.xib; sourceTree = "<group>"; };
/* End PBXFileReference section */

/* Begin PBXFrameworksBuildPhase section */
		B8F3759E201E79A5000654AB /* Frameworks */ = {
			isa = PBXFrameworksBuildPhase;
			buildActionMask = 2147483647;
			files = (
				2EB7519DBA1018DD77F2E043 /* Pods_HMAIS.framework in Frameworks */,
			);
			runOnlyForDeploymentPostprocessing = 0;
		};
		B8F375B2201E79A5000654AB /* Frameworks */ = {
			isa = PBXFrameworksBuildPhase;
			buildActionMask = 2147483647;
			files = (
				4D3729737227AF907159C69C /* Pods_HMAISTests.framework in Frameworks */,
			);
			runOnlyForDeploymentPostprocessing = 0;
		};
		B8F375BD201E79A6000654AB /* Frameworks */ = {
			isa = PBXFrameworksBuildPhase;
			buildActionMask = 2147483647;
			files = (
				2230E70E850F6795A8AED933 /* Pods_HMAISUITests.framework in Frameworks */,
			);
			runOnlyForDeploymentPostprocessing = 0;
		};
/* End PBXFrameworksBuildPhase section */

/* Begin PBXGroup section */
		242515634179245447048F70 /* Pods */ = {
			isa = PBXGroup;
			children = (
				7F1F46B6CCD1B8B7D299E929 /* Pods-HMAIS.debug.xcconfig */,
				6D6400B6FB84DDD6C6290B88 /* Pods-HMAIS.release.xcconfig */,
				649651404FBF204521C43127 /* Pods-HMAISTests.debug.xcconfig */,
				3E61D0DC3487356550D9CCF6 /* Pods-HMAISTests.release.xcconfig */,
				3A69FB3C514DD61C5E01DFFE /* Pods-HMAISUITests.debug.xcconfig */,
				A67519BB93DB879E1CB7A493 /* Pods-HMAISUITests.release.xcconfig */,
			);
			name = Pods;
			sourceTree = "<group>";
		};
		3B9D8CF7BFC9EE927DF8C196 /* Frameworks */ = {
			isa = PBXGroup;
			children = (
				3DA832EC4F8B059EF6E28E58 /* Pods_HMAIS.framework */,
				0BA0F80240B9C28E832B9871 /* Pods_HMAISTests.framework */,
				B1C12C3129B5257A50168047 /* Pods_HMAISUITests.framework */,
			);
			name = Frameworks;
			sourceTree = "<group>";
		};
		B81013C42038325700F24A78 /* TableViewDelegates */ = {
			isa = PBXGroup;
			children = (
				B81013C22038321500F24A78 /* BudgetListTableViewDelegate.swift */,
				B81013C52038326C00F24A78 /* ListTableViewDelegate.swift */,
				B81013C72038327A00F24A78 /* ShoppingListTableViewDelegate.swift */,
			);
			path = TableViewDelegates;
			sourceTree = "<group>";
		};
		B859621F20218FC3007A8567 /* Items */ = {
			isa = PBXGroup;
			children = (
			);
			path = Items;
			sourceTree = "<group>";
		};
		B859622020218FCC007A8567 /* Forms */ = {
			isa = PBXGroup;
			children = (
				B860E442202435CB0030FC04 /* Cells */,
				B859622120218FF4007A8567 /* SpendingItemFormVC.swift */,
				B860E44020242B420030FC04 /* ShoppingItemFormVC.swift */,
				B8D08D652039088800E71724 /* AddSectionFormVC.swift */,
			);
			path = Forms;
			sourceTree = "<group>";
		};
		B860E442202435CB0030FC04 /* Cells */ = {
			isa = PBXGroup;
			children = (
				B860E4432024360A0030FC04 /* SpendingCostCell.swift */,
				B860E4442024360A0030FC04 /* SpendingCostCell.xib */,
				B840935F2025408B0018C22E /* FormEntryCell.swift */,
				B84093602025408B0018C22E /* FormEntryCell.xib */,
			);
			path = Cells;
			sourceTree = "<group>";
		};
		B87C1B1B201EACB100C9326E /* Models */ = {
			isa = PBXGroup;
			children = (
				B87C1B22201EF0F400C9326E /* RealmManageable.swift */,
				B87C1B24201F826E00C9326E /* List.swift */,
				B87C1B2A201F868700C9326E /* Item.swift */,
				B81013D12038A8F800F24A78 /* ListSection.swift */,
			);
			path = Models;
			sourceTree = "<group>";
		};
		B87C1B1C201EACB500C9326E /* ViewControllers */ = {
			isa = PBXGroup;
			children = (
				B859622020218FCC007A8567 /* Forms */,
				B859621F20218FC3007A8567 /* Items */,
				B87C1B3520203E1200C9326E /* Lists */,
				B87C1B3420203E0800C9326E /* Main */,
			);
			path = ViewControllers;
			sourceTree = "<group>";
		};
		B87C1B1D201EACBF00C9326E /* Views */ = {
			isa = PBXGroup;
			children = (
				B8FBFD2C2031453100F90B1A /* MiniForm.swift */,
				B8FBFD2E2031459700F90B1A /* MiniForm.xib */,
			);
			path = Views;
			sourceTree = "<group>";
		};
		B87C1B1E201EACC600C9326E /* Tools */ = {
			isa = PBXGroup;
			children = (
				B8D08D5C2038D68C00E71724 /* Navigation */,
				B87C1B26201F82CA00C9326E /* Enums.swift */,
				B87C1B28201F852C00C9326E /* Protocol.swift */,
				B860E447202439100030FC04 /* Extensions.swift */,
			);
			path = Tools;
			sourceTree = "<group>";
		};
		B87C1B1F201EACCB00C9326E /* Services */ = {
			isa = PBXGroup;
			children = (
				B887A5182026D51D00A2DBC5 /* Observers */,
				B8F375AB201E79A5000654AB /* Assets.xcassets */,
			);
			path = Services;
			sourceTree = "<group>";
		};
		B87C1B20201EACD500C9326E /* Fonts */ = {
			isa = PBXGroup;
			children = (
			);
			path = Fonts;
			sourceTree = "<group>";
		};
		B87C1B21201EACDF00C9326E /* Storyboards */ = {
			isa = PBXGroup;
			children = (
				B8F375AD201E79A5000654AB /* LaunchScreen.storyboard */,
				B8F375A8201E79A5000654AB /* Main.storyboard */,
				B87C1B3720203E3000C9326E /* Lists.storyboard */,
				B859621D20218ED1007A8567 /* Forms.storyboard */,
			);
			path = Storyboards;
			sourceTree = "<group>";
		};
		B87C1B3420203E0800C9326E /* Main */ = {
			isa = PBXGroup;
			children = (
				B8D08D632038F8FF00E71724 /* ModalFormNav.swift */,
			);
			path = Main;
			sourceTree = "<group>";
		};
		B87C1B3520203E1200C9326E /* Lists */ = {
			isa = PBXGroup;
			children = (
				B81013C42038325700F24A78 /* TableViewDelegates */,
				B87C1B3D2020443D00C9326E /* Cells */,
				B87C1B3920203EBB00C9326E /* ListsVC.swift */,
				B87C1B3B20203ED300C9326E /* ListsVM.swift */,
				B859621920217D8A007A8567 /* ListDetailVC.swift */,
				B859621B20217D9A007A8567 /* ListDetailVM.swift */,
			);
			path = Lists;
			sourceTree = "<group>";
		};
		B87C1B3D2020443D00C9326E /* Cells */ = {
			isa = PBXGroup;
			children = (
				B81013BA20381E7A00F24A78 /* EmptyTableCell.swift */,
				B81013BB20381E7A00F24A78 /* EmptyTableCell.xib */,
				B81013BE20381FAD00F24A78 /* ListCell.swift */,
				B81013BF20381FAE00F24A78 /* ListCell.xib */,
				B81013CD203833FC00F24A78 /* ShoppingItemCell.swift */,
				B81013CE203833FC00F24A78 /* ShoppingItemCell.xib */,
				B81013D32038C90000F24A78 /* ListSectionHeader.swift */,
				B81013D52038C92B00F24A78 /* ListSectionHeader.xib */,
			);
			path = Cells;
			sourceTree = "<group>";
		};
		B887A5182026D51D00A2DBC5 /* Observers */ = {
			isa = PBXGroup;
			children = (
				B87C1B4A2021690900C9326E /* ItemListObserver.swift */,
				B887A51D2026E6F200A2DBC5 /* ItemObserver.swift */,
			);
			path = Observers;
			sourceTree = "<group>";
		};
		B8D08D5C2038D68C00E71724 /* Navigation */ = {
			isa = PBXGroup;
			children = (
				B8D08D5D2038D6AB00E71724 /* AnimatedNavController.swift */,
				B8D08D5F2038D6F300E71724 /* TransitionAnimator.swift */,
				B8D08D612038D75900E71724 /* FadeTransitionAnimator.swift */,
			);
			path = Navigation;
			sourceTree = "<group>";
		};
		B8F37598201E79A5000654AB = {
			isa = PBXGroup;
			children = (
				B8F375A3201E79A5000654AB /* HMAIS */,
				B8F375B8201E79A5000654AB /* HMAISTests */,
				B8F375C3201E79A6000654AB /* HMAISUITests */,
				B8F375A2201E79A5000654AB /* Products */,
				242515634179245447048F70 /* Pods */,
				3B9D8CF7BFC9EE927DF8C196 /* Frameworks */,
			);
			sourceTree = "<group>";
		};
		B8F375A2201E79A5000654AB /* Products */ = {
			isa = PBXGroup;
			children = (
				B8F375A1201E79A5000654AB /* HMAIS.app */,
				B8F375B5201E79A5000654AB /* HMAISTests.xctest */,
				B8F375C0201E79A6000654AB /* HMAISUITests.xctest */,
			);
			name = Products;
			sourceTree = "<group>";
		};
		B8F375A3201E79A5000654AB /* HMAIS */ = {
			isa = PBXGroup;
			children = (
				B8F375B0201E79A5000654AB /* Info.plist */,
				B8F375A4201E79A5000654AB /* AppDelegate.swift */,
				B87C1B21201EACDF00C9326E /* Storyboards */,
				B87C1B1C201EACB500C9326E /* ViewControllers */,
				B87C1B1B201EACB100C9326E /* Models */,
				B87C1B1D201EACBF00C9326E /* Views */,
				B87C1B1E201EACC600C9326E /* Tools */,
				B87C1B1F201EACCB00C9326E /* Services */,
				B87C1B20201EACD500C9326E /* Fonts */,
			);
			path = HMAIS;
			sourceTree = "<group>";
		};
		B8F375B8201E79A5000654AB /* HMAISTests */ = {
			isa = PBXGroup;
			children = (
				B8F375B9201E79A5000654AB /* HMAISTests.swift */,
				B8F375BB201E79A6000654AB /* Info.plist */,
			);
			path = HMAISTests;
			sourceTree = "<group>";
		};
		B8F375C3201E79A6000654AB /* HMAISUITests */ = {
			isa = PBXGroup;
			children = (
				B8F375C4201E79A6000654AB /* HMAISUITests.swift */,
				B8F375C6201E79A6000654AB /* Info.plist */,
			);
			path = HMAISUITests;
			sourceTree = "<group>";
		};
/* End PBXGroup section */

/* Begin PBXNativeTarget section */
		B8F375A0201E79A5000654AB /* HMAIS */ = {
			isa = PBXNativeTarget;
			buildConfigurationList = B8F375C9201E79A6000654AB /* Build configuration list for PBXNativeTarget "HMAIS" */;
			buildPhases = (
				10135B0305C851C6FBB3130B /* [CP] Check Pods Manifest.lock */,
				B8F3759D201E79A5000654AB /* Sources */,
				B8F3759E201E79A5000654AB /* Frameworks */,
				B8F3759F201E79A5000654AB /* Resources */,
				8B5B378108EEDA8B84A39C53 /* [CP] Embed Pods Frameworks */,
				0BC65D862DC9CFB9CD9F1AD8 /* [CP] Copy Pods Resources */,
			);
			buildRules = (
			);
			dependencies = (
			);
			name = HMAIS;
			productName = HMAIS;
			productReference = B8F375A1201E79A5000654AB /* HMAIS.app */;
			productType = "com.apple.product-type.application";
		};
		B8F375B4201E79A5000654AB /* HMAISTests */ = {
			isa = PBXNativeTarget;
			buildConfigurationList = B8F375CC201E79A6000654AB /* Build configuration list for PBXNativeTarget "HMAISTests" */;
			buildPhases = (
				3845C17AF3C63CE2D949F901 /* [CP] Check Pods Manifest.lock */,
				B8F375B1201E79A5000654AB /* Sources */,
				B8F375B2201E79A5000654AB /* Frameworks */,
				B8F375B3201E79A5000654AB /* Resources */,
				6BD46B620B8691631CA6F23D /* [CP] Embed Pods Frameworks */,
				9FEAA1C42903934830EB5E2C /* [CP] Copy Pods Resources */,
			);
			buildRules = (
			);
			dependencies = (
				B8F375B7201E79A5000654AB /* PBXTargetDependency */,
			);
			name = HMAISTests;
			productName = HMAISTests;
			productReference = B8F375B5201E79A5000654AB /* HMAISTests.xctest */;
			productType = "com.apple.product-type.bundle.unit-test";
		};
		B8F375BF201E79A6000654AB /* HMAISUITests */ = {
			isa = PBXNativeTarget;
			buildConfigurationList = B8F375CF201E79A6000654AB /* Build configuration list for PBXNativeTarget "HMAISUITests" */;
			buildPhases = (
				CFDBCC6CEA547A06A8AE8D15 /* [CP] Check Pods Manifest.lock */,
				B8F375BC201E79A6000654AB /* Sources */,
				B8F375BD201E79A6000654AB /* Frameworks */,
				B8F375BE201E79A6000654AB /* Resources */,
				0EE14FB35D41F50E7E6786BD /* [CP] Embed Pods Frameworks */,
				8D116F699FC4FAFC32380E8A /* [CP] Copy Pods Resources */,
			);
			buildRules = (
			);
			dependencies = (
				B8F375C2201E79A6000654AB /* PBXTargetDependency */,
			);
			name = HMAISUITests;
			productName = HMAISUITests;
			productReference = B8F375C0201E79A6000654AB /* HMAISUITests.xctest */;
			productType = "com.apple.product-type.bundle.ui-testing";
		};
/* End PBXNativeTarget section */

/* Begin PBXProject section */
		B8F37599201E79A5000654AB /* Project object */ = {
			isa = PBXProject;
			attributes = {
				LastSwiftUpdateCheck = 0920;
				LastUpgradeCheck = 0920;
				ORGANIZATIONNAME = sptorres;
				TargetAttributes = {
					B8F375A0201E79A5000654AB = {
						CreatedOnToolsVersion = 9.2;
						ProvisioningStyle = Automatic;
					};
					B8F375B4201E79A5000654AB = {
						CreatedOnToolsVersion = 9.2;
						ProvisioningStyle = Automatic;
						TestTargetID = B8F375A0201E79A5000654AB;
					};
					B8F375BF201E79A6000654AB = {
						CreatedOnToolsVersion = 9.2;
						ProvisioningStyle = Automatic;
						TestTargetID = B8F375A0201E79A5000654AB;
					};
				};
			};
			buildConfigurationList = B8F3759C201E79A5000654AB /* Build configuration list for PBXProject "HMAIS" */;
			compatibilityVersion = "Xcode 8.0";
			developmentRegion = en;
			hasScannedForEncodings = 0;
			knownRegions = (
				en,
				Base,
			);
			mainGroup = B8F37598201E79A5000654AB;
			productRefGroup = B8F375A2201E79A5000654AB /* Products */;
			projectDirPath = "";
			projectRoot = "";
			targets = (
				B8F375A0201E79A5000654AB /* HMAIS */,
				B8F375B4201E79A5000654AB /* HMAISTests */,
				B8F375BF201E79A6000654AB /* HMAISUITests */,
			);
		};
/* End PBXProject section */

/* Begin PBXResourcesBuildPhase section */
		B8F3759F201E79A5000654AB /* Resources */ = {
			isa = PBXResourcesBuildPhase;
			buildActionMask = 2147483647;
			files = (
				B84093622025408B0018C22E /* FormEntryCell.xib in Resources */,
				B81013C120381FAE00F24A78 /* ListCell.xib in Resources */,
				B81013BD20381E7A00F24A78 /* EmptyTableCell.xib in Resources */,
				B860E4462024360A0030FC04 /* SpendingCostCell.xib in Resources */,
				B8F375AF201E79A5000654AB /* LaunchScreen.storyboard in Resources */,
				B8F375AC201E79A5000654AB /* Assets.xcassets in Resources */,
				B87C1B3820203E3000C9326E /* Lists.storyboard in Resources */,
				B8FBFD2F2031459700F90B1A /* MiniForm.xib in Resources */,
				B81013D62038C92B00F24A78 /* ListSectionHeader.xib in Resources */,
				B81013D0203833FC00F24A78 /* ShoppingItemCell.xib in Resources */,
				B8F375AA201E79A5000654AB /* Main.storyboard in Resources */,
				B859621E20218ED1007A8567 /* Forms.storyboard in Resources */,
			);
			runOnlyForDeploymentPostprocessing = 0;
		};
		B8F375B3201E79A5000654AB /* Resources */ = {
			isa = PBXResourcesBuildPhase;
			buildActionMask = 2147483647;
			files = (
			);
			runOnlyForDeploymentPostprocessing = 0;
		};
		B8F375BE201E79A6000654AB /* Resources */ = {
			isa = PBXResourcesBuildPhase;
			buildActionMask = 2147483647;
			files = (
			);
			runOnlyForDeploymentPostprocessing = 0;
		};
/* End PBXResourcesBuildPhase section */

/* Begin PBXShellScriptBuildPhase section */
		0BC65D862DC9CFB9CD9F1AD8 /* [CP] Copy Pods Resources */ = {
			isa = PBXShellScriptBuildPhase;
			buildActionMask = 2147483647;
			files = (
			);
			inputPaths = (
			);
			name = "[CP] Copy Pods Resources";
			outputPaths = (
			);
			runOnlyForDeploymentPostprocessing = 0;
			shellPath = /bin/sh;
			shellScript = "\"${SRCROOT}/Pods/Target Support Files/Pods-HMAIS/Pods-HMAIS-resources.sh\"\n";
			showEnvVarsInLog = 0;
		};
		0EE14FB35D41F50E7E6786BD /* [CP] Embed Pods Frameworks */ = {
			isa = PBXShellScriptBuildPhase;
			buildActionMask = 2147483647;
			files = (
			);
			inputPaths = (
			);
			name = "[CP] Embed Pods Frameworks";
			outputPaths = (
			);
			runOnlyForDeploymentPostprocessing = 0;
			shellPath = /bin/sh;
			shellScript = "\"${SRCROOT}/Pods/Target Support Files/Pods-HMAISUITests/Pods-HMAISUITests-frameworks.sh\"\n";
			showEnvVarsInLog = 0;
		};
		10135B0305C851C6FBB3130B /* [CP] Check Pods Manifest.lock */ = {
			isa = PBXShellScriptBuildPhase;
			buildActionMask = 2147483647;
			files = (
			);
			inputPaths = (
				"${PODS_PODFILE_DIR_PATH}/Podfile.lock",
				"${PODS_ROOT}/Manifest.lock",
			);
			name = "[CP] Check Pods Manifest.lock";
			outputPaths = (
				"$(DERIVED_FILE_DIR)/Pods-HMAIS-checkManifestLockResult.txt",
			);
			runOnlyForDeploymentPostprocessing = 0;
			shellPath = /bin/sh;
			shellScript = "diff \"${PODS_PODFILE_DIR_PATH}/Podfile.lock\" \"${PODS_ROOT}/Manifest.lock\" > /dev/null\nif [ $? != 0 ] ; then\n    # print error to STDERR\n    echo \"error: The sandbox is not in sync with the Podfile.lock. Run 'pod install' or update your CocoaPods installation.\" >&2\n    exit 1\nfi\n# This output is used by Xcode 'outputs' to avoid re-running this script phase.\necho \"SUCCESS\" > \"${SCRIPT_OUTPUT_FILE_0}\"\n";
			showEnvVarsInLog = 0;
		};
		3845C17AF3C63CE2D949F901 /* [CP] Check Pods Manifest.lock */ = {
			isa = PBXShellScriptBuildPhase;
			buildActionMask = 2147483647;
			files = (
			);
			inputPaths = (
				"${PODS_PODFILE_DIR_PATH}/Podfile.lock",
				"${PODS_ROOT}/Manifest.lock",
			);
			name = "[CP] Check Pods Manifest.lock";
			outputPaths = (
				"$(DERIVED_FILE_DIR)/Pods-HMAISTests-checkManifestLockResult.txt",
			);
			runOnlyForDeploymentPostprocessing = 0;
			shellPath = /bin/sh;
			shellScript = "diff \"${PODS_PODFILE_DIR_PATH}/Podfile.lock\" \"${PODS_ROOT}/Manifest.lock\" > /dev/null\nif [ $? != 0 ] ; then\n    # print error to STDERR\n    echo \"error: The sandbox is not in sync with the Podfile.lock. Run 'pod install' or update your CocoaPods installation.\" >&2\n    exit 1\nfi\n# This output is used by Xcode 'outputs' to avoid re-running this script phase.\necho \"SUCCESS\" > \"${SCRIPT_OUTPUT_FILE_0}\"\n";
			showEnvVarsInLog = 0;
		};
		6BD46B620B8691631CA6F23D /* [CP] Embed Pods Frameworks */ = {
			isa = PBXShellScriptBuildPhase;
			buildActionMask = 2147483647;
			files = (
			);
			inputPaths = (
			);
			name = "[CP] Embed Pods Frameworks";
			outputPaths = (
			);
			runOnlyForDeploymentPostprocessing = 0;
			shellPath = /bin/sh;
			shellScript = "\"${SRCROOT}/Pods/Target Support Files/Pods-HMAISTests/Pods-HMAISTests-frameworks.sh\"\n";
			showEnvVarsInLog = 0;
		};
		8B5B378108EEDA8B84A39C53 /* [CP] Embed Pods Frameworks */ = {
			isa = PBXShellScriptBuildPhase;
			buildActionMask = 2147483647;
			files = (
			);
			inputPaths = (
				"${SRCROOT}/Pods/Target Support Files/Pods-HMAIS/Pods-HMAIS-frameworks.sh",
				"${BUILT_PRODUCTS_DIR}/IHKeyboardAvoiding/IHKeyboardAvoiding.framework",
				"${BUILT_PRODUCTS_DIR}/KeychainAccess/KeychainAccess.framework",
				"${BUILT_PRODUCTS_DIR}/Realm/Realm.framework",
				"${BUILT_PRODUCTS_DIR}/RealmSwift/RealmSwift.framework",
				"${BUILT_PRODUCTS_DIR}/RxCocoa/RxCocoa.framework",
				"${BUILT_PRODUCTS_DIR}/RxRealm/RxRealm.framework",
				"${BUILT_PRODUCTS_DIR}/RxSwift/RxSwift.framework",
				"${BUILT_PRODUCTS_DIR}/SwiftDate/SwiftDate.framework",
				"${BUILT_PRODUCTS_DIR}/SwiftyTimer/SwiftyTimer.framework",
			);
			name = "[CP] Embed Pods Frameworks";
			outputPaths = (
				"${TARGET_BUILD_DIR}/${FRAMEWORKS_FOLDER_PATH}/IHKeyboardAvoiding.framework",
				"${TARGET_BUILD_DIR}/${FRAMEWORKS_FOLDER_PATH}/KeychainAccess.framework",
				"${TARGET_BUILD_DIR}/${FRAMEWORKS_FOLDER_PATH}/Realm.framework",
				"${TARGET_BUILD_DIR}/${FRAMEWORKS_FOLDER_PATH}/RealmSwift.framework",
				"${TARGET_BUILD_DIR}/${FRAMEWORKS_FOLDER_PATH}/RxCocoa.framework",
				"${TARGET_BUILD_DIR}/${FRAMEWORKS_FOLDER_PATH}/RxRealm.framework",
				"${TARGET_BUILD_DIR}/${FRAMEWORKS_FOLDER_PATH}/RxSwift.framework",
				"${TARGET_BUILD_DIR}/${FRAMEWORKS_FOLDER_PATH}/SwiftDate.framework",
				"${TARGET_BUILD_DIR}/${FRAMEWORKS_FOLDER_PATH}/SwiftyTimer.framework",
			);
			runOnlyForDeploymentPostprocessing = 0;
			shellPath = /bin/sh;
			shellScript = "\"${SRCROOT}/Pods/Target Support Files/Pods-HMAIS/Pods-HMAIS-frameworks.sh\"\n";
			showEnvVarsInLog = 0;
		};
		8D116F699FC4FAFC32380E8A /* [CP] Copy Pods Resources */ = {
			isa = PBXShellScriptBuildPhase;
			buildActionMask = 2147483647;
			files = (
			);
			inputPaths = (
			);
			name = "[CP] Copy Pods Resources";
			outputPaths = (
			);
			runOnlyForDeploymentPostprocessing = 0;
			shellPath = /bin/sh;
			shellScript = "\"${SRCROOT}/Pods/Target Support Files/Pods-HMAISUITests/Pods-HMAISUITests-resources.sh\"\n";
			showEnvVarsInLog = 0;
		};
		9FEAA1C42903934830EB5E2C /* [CP] Copy Pods Resources */ = {
			isa = PBXShellScriptBuildPhase;
			buildActionMask = 2147483647;
			files = (
			);
			inputPaths = (
			);
			name = "[CP] Copy Pods Resources";
			outputPaths = (
			);
			runOnlyForDeploymentPostprocessing = 0;
			shellPath = /bin/sh;
			shellScript = "\"${SRCROOT}/Pods/Target Support Files/Pods-HMAISTests/Pods-HMAISTests-resources.sh\"\n";
			showEnvVarsInLog = 0;
		};
		CFDBCC6CEA547A06A8AE8D15 /* [CP] Check Pods Manifest.lock */ = {
			isa = PBXShellScriptBuildPhase;
			buildActionMask = 2147483647;
			files = (
			);
			inputPaths = (
				"${PODS_PODFILE_DIR_PATH}/Podfile.lock",
				"${PODS_ROOT}/Manifest.lock",
			);
			name = "[CP] Check Pods Manifest.lock";
			outputPaths = (
				"$(DERIVED_FILE_DIR)/Pods-HMAISUITests-checkManifestLockResult.txt",
			);
			runOnlyForDeploymentPostprocessing = 0;
			shellPath = /bin/sh;
			shellScript = "diff \"${PODS_PODFILE_DIR_PATH}/Podfile.lock\" \"${PODS_ROOT}/Manifest.lock\" > /dev/null\nif [ $? != 0 ] ; then\n    # print error to STDERR\n    echo \"error: The sandbox is not in sync with the Podfile.lock. Run 'pod install' or update your CocoaPods installation.\" >&2\n    exit 1\nfi\n# This output is used by Xcode 'outputs' to avoid re-running this script phase.\necho \"SUCCESS\" > \"${SCRIPT_OUTPUT_FILE_0}\"\n";
			showEnvVarsInLog = 0;
		};
/* End PBXShellScriptBuildPhase section */

/* Begin PBXSourcesBuildPhase section */
		B8F3759D201E79A5000654AB /* Sources */ = {
			isa = PBXSourcesBuildPhase;
			buildActionMask = 2147483647;
			files = (
				B81013C62038326C00F24A78 /* ListTableViewDelegate.swift in Sources */,
				B8D08D602038D6F300E71724 /* TransitionAnimator.swift in Sources */,
				B87C1B23201EF0F400C9326E /* RealmManageable.swift in Sources */,
				B87C1B4B2021690900C9326E /* ItemListObserver.swift in Sources */,
				B81013CF203833FC00F24A78 /* ShoppingItemCell.swift in Sources */,
				B8F375A5201E79A5000654AB /* AppDelegate.swift in Sources */,
				B8D08D5E2038D6AB00E71724 /* AnimatedNavController.swift in Sources */,
				B8D08D662039088800E71724 /* AddSectionFormVC.swift in Sources */,
				B860E44120242B420030FC04 /* ShoppingItemFormVC.swift in Sources */,
				B81013BC20381E7A00F24A78 /* EmptyTableCell.swift in Sources */,
				B8D08D642038F8FF00E71724 /* ModalFormNav.swift in Sources */,
				B859621C20217D9A007A8567 /* ListDetailVM.swift in Sources */,
				B87C1B27201F82CA00C9326E /* Enums.swift in Sources */,
				B860E448202439100030FC04 /* Extensions.swift in Sources */,
				B84093612025408B0018C22E /* FormEntryCell.swift in Sources */,
				B87C1B25201F826E00C9326E /* List.swift in Sources */,
				B87C1B3A20203EBB00C9326E /* ListsVC.swift in Sources */,
				B859621A20217D8A007A8567 /* ListDetailVC.swift in Sources */,
				B87C1B3C20203ED300C9326E /* ListsVM.swift in Sources */,
				B859622220218FF4007A8567 /* SpendingItemFormVC.swift in Sources */,
				B81013C32038321500F24A78 /* BudgetListTableViewDelegate.swift in Sources */,
				B887A51E2026E6F200A2DBC5 /* ItemObserver.swift in Sources */,
				B81013D42038C90000F24A78 /* ListSectionHeader.swift in Sources */,
				B8FBFD2D2031453100F90B1A /* MiniForm.swift in Sources */,
				B81013C020381FAE00F24A78 /* ListCell.swift in Sources */,
				B81013C82038327A00F24A78 /* ShoppingListTableViewDelegate.swift in Sources */,
				B87C1B2B201F868700C9326E /* Item.swift in Sources */,
				B860E4452024360A0030FC04 /* SpendingCostCell.swift in Sources */,
				B8D08D622038D75900E71724 /* FadeTransitionAnimator.swift in Sources */,
				B87C1B29201F852C00C9326E /* Protocol.swift in Sources */,
				B81013D22038A8F800F24A78 /* ListSection.swift in Sources */,
			);
			runOnlyForDeploymentPostprocessing = 0;
		};
		B8F375B1201E79A5000654AB /* Sources */ = {
			isa = PBXSourcesBuildPhase;
			buildActionMask = 2147483647;
			files = (
				B8F375BA201E79A5000654AB /* HMAISTests.swift in Sources */,
			);
			runOnlyForDeploymentPostprocessing = 0;
		};
		B8F375BC201E79A6000654AB /* Sources */ = {
			isa = PBXSourcesBuildPhase;
			buildActionMask = 2147483647;
			files = (
				B8F375C5201E79A6000654AB /* HMAISUITests.swift in Sources */,
			);
			runOnlyForDeploymentPostprocessing = 0;
		};
/* End PBXSourcesBuildPhase section */

/* Begin PBXTargetDependency section */
		B8F375B7201E79A5000654AB /* PBXTargetDependency */ = {
			isa = PBXTargetDependency;
			target = B8F375A0201E79A5000654AB /* HMAIS */;
			targetProxy = B8F375B6201E79A5000654AB /* PBXContainerItemProxy */;
		};
		B8F375C2201E79A6000654AB /* PBXTargetDependency */ = {
			isa = PBXTargetDependency;
			target = B8F375A0201E79A5000654AB /* HMAIS */;
			targetProxy = B8F375C1201E79A6000654AB /* PBXContainerItemProxy */;
		};
/* End PBXTargetDependency section */

/* Begin PBXVariantGroup section */
		B8F375A8201E79A5000654AB /* Main.storyboard */ = {
			isa = PBXVariantGroup;
			children = (
				B8F375A9201E79A5000654AB /* Base */,
			);
			name = Main.storyboard;
			sourceTree = "<group>";
		};
		B8F375AD201E79A5000654AB /* LaunchScreen.storyboard */ = {
			isa = PBXVariantGroup;
			children = (
				B8F375AE201E79A5000654AB /* Base */,
			);
			name = LaunchScreen.storyboard;
			sourceTree = "<group>";
		};
/* End PBXVariantGroup section */

/* Begin XCBuildConfiguration section */
		B8F375C7201E79A6000654AB /* Debug */ = {
			isa = XCBuildConfiguration;
			buildSettings = {
				ALWAYS_SEARCH_USER_PATHS = NO;
				CLANG_ANALYZER_NONNULL = YES;
				CLANG_ANALYZER_NUMBER_OBJECT_CONVERSION = YES_AGGRESSIVE;
				CLANG_CXX_LANGUAGE_STANDARD = "gnu++14";
				CLANG_CXX_LIBRARY = "libc++";
				CLANG_ENABLE_MODULES = YES;
				CLANG_ENABLE_OBJC_ARC = YES;
				CLANG_WARN_BLOCK_CAPTURE_AUTORELEASING = YES;
				CLANG_WARN_BOOL_CONVERSION = YES;
				CLANG_WARN_COMMA = YES;
				CLANG_WARN_CONSTANT_CONVERSION = YES;
				CLANG_WARN_DIRECT_OBJC_ISA_USAGE = YES_ERROR;
				CLANG_WARN_DOCUMENTATION_COMMENTS = YES;
				CLANG_WARN_EMPTY_BODY = YES;
				CLANG_WARN_ENUM_CONVERSION = YES;
				CLANG_WARN_INFINITE_RECURSION = YES;
				CLANG_WARN_INT_CONVERSION = YES;
				CLANG_WARN_NON_LITERAL_NULL_CONVERSION = YES;
				CLANG_WARN_OBJC_LITERAL_CONVERSION = YES;
				CLANG_WARN_OBJC_ROOT_CLASS = YES_ERROR;
				CLANG_WARN_RANGE_LOOP_ANALYSIS = YES;
				CLANG_WARN_STRICT_PROTOTYPES = YES;
				CLANG_WARN_SUSPICIOUS_MOVE = YES;
				CLANG_WARN_UNGUARDED_AVAILABILITY = YES_AGGRESSIVE;
				CLANG_WARN_UNREACHABLE_CODE = YES;
				CLANG_WARN__DUPLICATE_METHOD_MATCH = YES;
				CODE_SIGN_IDENTITY = "iPhone Developer";
				COPY_PHASE_STRIP = NO;
				DEBUG_INFORMATION_FORMAT = dwarf;
				ENABLE_STRICT_OBJC_MSGSEND = YES;
				ENABLE_TESTABILITY = YES;
				GCC_C_LANGUAGE_STANDARD = gnu11;
				GCC_DYNAMIC_NO_PIC = NO;
				GCC_NO_COMMON_BLOCKS = YES;
				GCC_OPTIMIZATION_LEVEL = 0;
				GCC_PREPROCESSOR_DEFINITIONS = (
					"DEBUG=1",
					"$(inherited)",
				);
				GCC_WARN_64_TO_32_BIT_CONVERSION = YES;
				GCC_WARN_ABOUT_RETURN_TYPE = YES_ERROR;
				GCC_WARN_UNDECLARED_SELECTOR = YES;
				GCC_WARN_UNINITIALIZED_AUTOS = YES_AGGRESSIVE;
				GCC_WARN_UNUSED_FUNCTION = YES;
				GCC_WARN_UNUSED_VARIABLE = YES;
				IPHONEOS_DEPLOYMENT_TARGET = 11.2;
				MTL_ENABLE_DEBUG_INFO = YES;
				ONLY_ACTIVE_ARCH = YES;
				SDKROOT = iphoneos;
				SWIFT_ACTIVE_COMPILATION_CONDITIONS = DEBUG;
				SWIFT_OPTIMIZATION_LEVEL = "-Onone";
			};
			name = Debug;
		};
		B8F375C8201E79A6000654AB /* Release */ = {
			isa = XCBuildConfiguration;
			buildSettings = {
				ALWAYS_SEARCH_USER_PATHS = NO;
				CLANG_ANALYZER_NONNULL = YES;
				CLANG_ANALYZER_NUMBER_OBJECT_CONVERSION = YES_AGGRESSIVE;
				CLANG_CXX_LANGUAGE_STANDARD = "gnu++14";
				CLANG_CXX_LIBRARY = "libc++";
				CLANG_ENABLE_MODULES = YES;
				CLANG_ENABLE_OBJC_ARC = YES;
				CLANG_WARN_BLOCK_CAPTURE_AUTORELEASING = YES;
				CLANG_WARN_BOOL_CONVERSION = YES;
				CLANG_WARN_COMMA = YES;
				CLANG_WARN_CONSTANT_CONVERSION = YES;
				CLANG_WARN_DIRECT_OBJC_ISA_USAGE = YES_ERROR;
				CLANG_WARN_DOCUMENTATION_COMMENTS = YES;
				CLANG_WARN_EMPTY_BODY = YES;
				CLANG_WARN_ENUM_CONVERSION = YES;
				CLANG_WARN_INFINITE_RECURSION = YES;
				CLANG_WARN_INT_CONVERSION = YES;
				CLANG_WARN_NON_LITERAL_NULL_CONVERSION = YES;
				CLANG_WARN_OBJC_LITERAL_CONVERSION = YES;
				CLANG_WARN_OBJC_ROOT_CLASS = YES_ERROR;
				CLANG_WARN_RANGE_LOOP_ANALYSIS = YES;
				CLANG_WARN_STRICT_PROTOTYPES = YES;
				CLANG_WARN_SUSPICIOUS_MOVE = YES;
				CLANG_WARN_UNGUARDED_AVAILABILITY = YES_AGGRESSIVE;
				CLANG_WARN_UNREACHABLE_CODE = YES;
				CLANG_WARN__DUPLICATE_METHOD_MATCH = YES;
				CODE_SIGN_IDENTITY = "iPhone Developer";
				COPY_PHASE_STRIP = NO;
				DEBUG_INFORMATION_FORMAT = "dwarf-with-dsym";
				ENABLE_NS_ASSERTIONS = NO;
				ENABLE_STRICT_OBJC_MSGSEND = YES;
				GCC_C_LANGUAGE_STANDARD = gnu11;
				GCC_NO_COMMON_BLOCKS = YES;
				GCC_WARN_64_TO_32_BIT_CONVERSION = YES;
				GCC_WARN_ABOUT_RETURN_TYPE = YES_ERROR;
				GCC_WARN_UNDECLARED_SELECTOR = YES;
				GCC_WARN_UNINITIALIZED_AUTOS = YES_AGGRESSIVE;
				GCC_WARN_UNUSED_FUNCTION = YES;
				GCC_WARN_UNUSED_VARIABLE = YES;
				IPHONEOS_DEPLOYMENT_TARGET = 11.2;
				MTL_ENABLE_DEBUG_INFO = NO;
				SDKROOT = iphoneos;
				SWIFT_OPTIMIZATION_LEVEL = "-Owholemodule";
				VALIDATE_PRODUCT = YES;
			};
			name = Release;
		};
		B8F375CA201E79A6000654AB /* Debug */ = {
			isa = XCBuildConfiguration;
			baseConfigurationReference = 7F1F46B6CCD1B8B7D299E929 /* Pods-HMAIS.debug.xcconfig */;
			buildSettings = {
				ASSETCATALOG_COMPILER_APPICON_NAME = AppIcon;
				CODE_SIGN_STYLE = Automatic;
				DEVELOPMENT_TEAM = ZC55HLSXNP;
				INFOPLIST_FILE = HMAIS/Info.plist;
				LD_RUNPATH_SEARCH_PATHS = "$(inherited) @executable_path/Frameworks";
				PRODUCT_BUNDLE_IDENTIFIER = sptorres.HMAIS;
				PRODUCT_NAME = "$(TARGET_NAME)";
				SWIFT_VERSION = 4.0;
				TARGETED_DEVICE_FAMILY = "1,2";
			};
			name = Debug;
		};
		B8F375CB201E79A6000654AB /* Release */ = {
			isa = XCBuildConfiguration;
			baseConfigurationReference = 6D6400B6FB84DDD6C6290B88 /* Pods-HMAIS.release.xcconfig */;
			buildSettings = {
				ASSETCATALOG_COMPILER_APPICON_NAME = AppIcon;
				CODE_SIGN_STYLE = Automatic;
				DEVELOPMENT_TEAM = ZC55HLSXNP;
				INFOPLIST_FILE = HMAIS/Info.plist;
				LD_RUNPATH_SEARCH_PATHS = "$(inherited) @executable_path/Frameworks";
				PRODUCT_BUNDLE_IDENTIFIER = sptorres.HMAIS;
				PRODUCT_NAME = "$(TARGET_NAME)";
				SWIFT_VERSION = 4.0;
				TARGETED_DEVICE_FAMILY = "1,2";
			};
			name = Release;
		};
		B8F375CD201E79A6000654AB /* Debug */ = {
			isa = XCBuildConfiguration;
			baseConfigurationReference = 649651404FBF204521C43127 /* Pods-HMAISTests.debug.xcconfig */;
			buildSettings = {
				ALWAYS_EMBED_SWIFT_STANDARD_LIBRARIES = YES;
				BUNDLE_LOADER = "$(TEST_HOST)";
				CODE_SIGN_STYLE = Automatic;
				DEVELOPMENT_TEAM = ZC55HLSXNP;
				INFOPLIST_FILE = HMAISTests/Info.plist;
				LD_RUNPATH_SEARCH_PATHS = "$(inherited) @executable_path/Frameworks @loader_path/Frameworks";
				PRODUCT_BUNDLE_IDENTIFIER = sptorres.HMAISTests;
				PRODUCT_NAME = "$(TARGET_NAME)";
				SWIFT_VERSION = 4.0;
				TARGETED_DEVICE_FAMILY = "1,2";
				TEST_HOST = "$(BUILT_PRODUCTS_DIR)/HMAIS.app/HMAIS";
			};
			name = Debug;
		};
		B8F375CE201E79A6000654AB /* Release */ = {
			isa = XCBuildConfiguration;
			baseConfigurationReference = 3E61D0DC3487356550D9CCF6 /* Pods-HMAISTests.release.xcconfig */;
			buildSettings = {
				ALWAYS_EMBED_SWIFT_STANDARD_LIBRARIES = YES;
				BUNDLE_LOADER = "$(TEST_HOST)";
				CODE_SIGN_STYLE = Automatic;
				DEVELOPMENT_TEAM = ZC55HLSXNP;
				INFOPLIST_FILE = HMAISTests/Info.plist;
				LD_RUNPATH_SEARCH_PATHS = "$(inherited) @executable_path/Frameworks @loader_path/Frameworks";
				PRODUCT_BUNDLE_IDENTIFIER = sptorres.HMAISTests;
				PRODUCT_NAME = "$(TARGET_NAME)";
				SWIFT_VERSION = 4.0;
				TARGETED_DEVICE_FAMILY = "1,2";
				TEST_HOST = "$(BUILT_PRODUCTS_DIR)/HMAIS.app/HMAIS";
			};
			name = Release;
		};
		B8F375D0201E79A6000654AB /* Debug */ = {
			isa = XCBuildConfiguration;
			baseConfigurationReference = 3A69FB3C514DD61C5E01DFFE /* Pods-HMAISUITests.debug.xcconfig */;
			buildSettings = {
				ALWAYS_EMBED_SWIFT_STANDARD_LIBRARIES = YES;
				CODE_SIGN_STYLE = Automatic;
				DEVELOPMENT_TEAM = ZC55HLSXNP;
				INFOPLIST_FILE = HMAISUITests/Info.plist;
				LD_RUNPATH_SEARCH_PATHS = "$(inherited) @executable_path/Frameworks @loader_path/Frameworks";
				PRODUCT_BUNDLE_IDENTIFIER = sptorres.HMAISUITests;
				PRODUCT_NAME = "$(TARGET_NAME)";
				SWIFT_VERSION = 4.0;
				TARGETED_DEVICE_FAMILY = "1,2";
				TEST_TARGET_NAME = HMAIS;
			};
			name = Debug;
		};
		B8F375D1201E79A6000654AB /* Release */ = {
			isa = XCBuildConfiguration;
			baseConfigurationReference = A67519BB93DB879E1CB7A493 /* Pods-HMAISUITests.release.xcconfig */;
			buildSettings = {
				ALWAYS_EMBED_SWIFT_STANDARD_LIBRARIES = YES;
				CODE_SIGN_STYLE = Automatic;
				DEVELOPMENT_TEAM = ZC55HLSXNP;
				INFOPLIST_FILE = HMAISUITests/Info.plist;
				LD_RUNPATH_SEARCH_PATHS = "$(inherited) @executable_path/Frameworks @loader_path/Frameworks";
				PRODUCT_BUNDLE_IDENTIFIER = sptorres.HMAISUITests;
				PRODUCT_NAME = "$(TARGET_NAME)";
				SWIFT_VERSION = 4.0;
				TARGETED_DEVICE_FAMILY = "1,2";
				TEST_TARGET_NAME = HMAIS;
			};
			name = Release;
		};
/* End XCBuildConfiguration section */

/* Begin XCConfigurationList section */
		B8F3759C201E79A5000654AB /* Build configuration list for PBXProject "HMAIS" */ = {
			isa = XCConfigurationList;
			buildConfigurations = (
				B8F375C7201E79A6000654AB /* Debug */,
				B8F375C8201E79A6000654AB /* Release */,
			);
			defaultConfigurationIsVisible = 0;
			defaultConfigurationName = Release;
		};
		B8F375C9201E79A6000654AB /* Build configuration list for PBXNativeTarget "HMAIS" */ = {
			isa = XCConfigurationList;
			buildConfigurations = (
				B8F375CA201E79A6000654AB /* Debug */,
				B8F375CB201E79A6000654AB /* Release */,
			);
			defaultConfigurationIsVisible = 0;
			defaultConfigurationName = Release;
		};
		B8F375CC201E79A6000654AB /* Build configuration list for PBXNativeTarget "HMAISTests" */ = {
			isa = XCConfigurationList;
			buildConfigurations = (
				B8F375CD201E79A6000654AB /* Debug */,
				B8F375CE201E79A6000654AB /* Release */,
			);
			defaultConfigurationIsVisible = 0;
			defaultConfigurationName = Release;
		};
		B8F375CF201E79A6000654AB /* Build configuration list for PBXNativeTarget "HMAISUITests" */ = {
			isa = XCConfigurationList;
			buildConfigurations = (
				B8F375D0201E79A6000654AB /* Debug */,
				B8F375D1201E79A6000654AB /* Release */,
			);
			defaultConfigurationIsVisible = 0;
			defaultConfigurationName = Release;
		};
/* End XCConfigurationList section */
	};
	rootObject = B8F37599201E79A5000654AB /* Project object */;
}
